PODS:
  - Nimble (7.0.3)
  - Prego (0.1.0)
  - Quick (1.2.0)

DEPENDENCIES:
  - Nimble (~> 7.0.2)
  - Prego (from `../`)
  - Quick (~> 1.2.0)

EXTERNAL SOURCES:
  Prego:
    :path: ../

SPEC CHECKSUMS:
  Nimble: 7f5a9c447a33002645a071bddafbfb24ea70e0ac
  Prego: be2a29aa1e7324b850451bb66116e24377ad018f
  Quick: 58d203b1c5e27fff7229c4c1ae445ad7069a7a08

PODFILE CHECKSUM: 94080ede94f787b7bbe6de29a73d7dd72493c4fd

COCOAPODS: 1.4.0
